
Microsoft Visual Studio Solution File, Format Version 12.00
# Visual Studio Version 17
VisualStudioVersion = 17.8.34330.188
MinimumVisualStudioVersion = 10.0.40219.1
Project("{FAE04EC0-301F-11D3-BF4B-00C04F79EFBC}") = "ImportBDD", "ImportBDD\ImportBDD.csproj", "{FC11B8F0-787C-476A-9630-7323373BFC88}"
EndProject
Global
	GlobalSection(SolutionConfigurationPlatforms) = preSolution
		Debug|Any CPU = Debug|Any CPU
		Release|Any CPU = Release|Any CPU
	EndGlobalSection
	GlobalSection(ProjectConfigurationPlatforms) = postSolution
		{FC11B8F0-787C-476A-9630-7323373BFC88}.Debug|Any CPU.ActiveCfg = Debug|Any CPU
		{FC11B8F0-787C-476A-9630-7323373BFC88}.Debug|Any CPU.Build.0 = Debug|Any CPU
		{FC11B8F0-787C-476A-9630-7323373BFC88}.Release|Any CPU.ActiveCfg = Release|Any CPU
		{FC11B8F0-787C-476A-9630-7323373BFC88}.Release|Any CPU.Build.0 = Release|Any CPU
	EndGlobalSection
	GlobalSection(SolutionProperties) = preSolution
		HideSolutionNode = FALSE
	EndGlobalSection
	GlobalSection(ExtensibilityGlobals) = postSolution
		SolutionGuid = {3D4A607B-8528-48BE-9F31-CB0535C7345C}
	EndGlobalSection
EndGlobal
